
Microsoft Visual Studio Solution File, Format Version 12.00
# Visual Studio Version 16
VisualStudioVersion = 16.0.29519.87
MinimumVisualStudioVersion = 10.0.40219.1
Project("{151D2E53-A2C4-4D7D-83FE-D05416EBD58E}") = "Webapp-ARM-Template-Demo", "Webapp-ARM-Template-Demo\Webapp-ARM-Template-Demo.deployproj", "{C997FBD9-4B17-43C1-BA9E-99F089F7BF5F}"
EndProject
Global
	GlobalSection(SolutionConfigurationPlatforms) = preSolution
		Debug|Any CPU = Debug|Any CPU
		Release|Any CPU = Release|Any CPU
	EndGlobalSection
	GlobalSection(ProjectConfigurationPlatforms) = postSolution
		{C997FBD9-4B17-43C1-BA9E-99F089F7BF5F}.Debug|Any CPU.ActiveCfg = Debug|Any CPU
		{C997FBD9-4B17-43C1-BA9E-99F089F7BF5F}.Debug|Any CPU.Build.0 = Debug|Any CPU
		{C997FBD9-4B17-43C1-BA9E-99F089F7BF5F}.Release|Any CPU.ActiveCfg = Release|Any CPU
		{C997FBD9-4B17-43C1-BA9E-99F089F7BF5F}.Release|Any CPU.Build.0 = Release|Any CPU
	EndGlobalSection
	GlobalSection(SolutionProperties) = preSolution
		HideSolutionNode = FALSE
	EndGlobalSection
	GlobalSection(ExtensibilityGlobals) = postSolution
		SolutionGuid = {4F5DAFE8-D8F7-4676-8D34-C3DAF035B7FD}
	EndGlobalSection
EndGlobal
